
Microsoft Visual Studio Solution File, Format Version 12.00
# Visual Studio Version 17
VisualStudioVersion = 17.5.33414.496
MinimumVisualStudioVersion = 10.0.40219.1
Project("{9A19103F-16F7-4668-BE54-9A1E7A4F7556}") = "AfryTollApi", "..\AfryTollApi\AfryTollApi.csproj", "{10CB3D43-1257-47F8-B74B-038EA1781797}"
EndProject
Project("{9A19103F-16F7-4668-BE54-9A1E7A4F7556}") = "AfryToll.Model", "..\AfryToll.Model\AfryToll.Model.csproj", "{DFEBF3A6-F8C5-41D5-99C3-1FB6CDC73F8F}"
EndProject
Project("{9A19103F-16F7-4668-BE54-9A1E7A4F7556}") = "AfryTollApp", "..\AfryTollApp\AfryTollApp.csproj", "{91BCC191-E28B-4EE0-AE83-88C1898D0565}"
EndProject
Global
	GlobalSection(SolutionConfigurationPlatforms) = preSolution
		Debug|Any CPU = Debug|Any CPU
		Release|Any CPU = Release|Any CPU
	EndGlobalSection
	GlobalSection(ProjectConfigurationPlatforms) = postSolution
		{10CB3D43-1257-47F8-B74B-038EA1781797}.Debug|Any CPU.ActiveCfg = Debug|Any CPU
		{10CB3D43-1257-47F8-B74B-038EA1781797}.Debug|Any CPU.Build.0 = Debug|Any CPU
		{10CB3D43-1257-47F8-B74B-038EA1781797}.Release|Any CPU.ActiveCfg = Release|Any CPU
		{10CB3D43-1257-47F8-B74B-038EA1781797}.Release|Any CPU.Build.0 = Release|Any CPU
		{DFEBF3A6-F8C5-41D5-99C3-1FB6CDC73F8F}.Debug|Any CPU.ActiveCfg = Debug|Any CPU
		{DFEBF3A6-F8C5-41D5-99C3-1FB6CDC73F8F}.Debug|Any CPU.Build.0 = Debug|Any CPU
		{DFEBF3A6-F8C5-41D5-99C3-1FB6CDC73F8F}.Release|Any CPU.ActiveCfg = Release|Any CPU
		{DFEBF3A6-F8C5-41D5-99C3-1FB6CDC73F8F}.Release|Any CPU.Build.0 = Release|Any CPU
		{91BCC191-E28B-4EE0-AE83-88C1898D0565}.Debug|Any CPU.ActiveCfg = Debug|Any CPU
		{91BCC191-E28B-4EE0-AE83-88C1898D0565}.Debug|Any CPU.Build.0 = Debug|Any CPU
		{91BCC191-E28B-4EE0-AE83-88C1898D0565}.Release|Any CPU.ActiveCfg = Release|Any CPU
		{91BCC191-E28B-4EE0-AE83-88C1898D0565}.Release|Any CPU.Build.0 = Release|Any CPU
	EndGlobalSection
	GlobalSection(SolutionProperties) = preSolution
		HideSolutionNode = FALSE
	EndGlobalSection
	GlobalSection(ExtensibilityGlobals) = postSolution
		SolutionGuid = {1E8C36D1-0BB1-4814-B67E-A7CDA5758620}
	EndGlobalSection
EndGlobal
